Microsoft Visual Studio Solution File, Format Version 12.00
# Visual Studio Version 17
VisualStudioVersion = 17.13.35818.85
MinimumVisualStudioVersion = 10.0.40219.1
Project("{FAE04EC0-301F-11D3-BF4B-00C04F79EFBC}") = "BinOdonto", "BinOdonto\BinOdonto.csproj", "{E16B884E-39DB-4CDD-B6EE-0AE825F811EB}"
EndProject
Project("{2150E333-8FDC-42A3-9474-1A3956D46DE8}") = "0 - Presentation", "0 - Presentation", "{02EA681E-C7D8-13C7-8484-4AC65E1B71E8}"
EndProject
Project("{2150E333-8FDC-42A3-9474-1A3956D46DE8}") = "1 - Application", "1 - Application", "{B5269C07-3F2D-456E-B9BB-FA968A3D8DB0}"
EndProject
Project("{FAE04EC0-301F-11D3-BF4B-00C04F79EFBC}") = "BinOdonto.Application", "BinOdonto.Application\BinOdonto.Application.csproj", "{BF074A56-1792-427F-9A28-9E3A683D72A7}"
EndProject
Project("{2150E333-8FDC-42A3-9474-1A3956D46DE8}") = "2 - Domain", "2 - Domain", "{FA82DC5C-6EE0-4EA8-BE9F-24C0958E4DD1}"
EndProject
Project("{2150E333-8FDC-42A3-9474-1A3956D46DE8}") = "3 - Infrastructure", "3 - Infrastructure", "{DCA76AD7-A8D4-435C-BF21-9D55E99E29CB}"
EndProject
Project("{2150E333-8FDC-42A3-9474-1A3956D46DE8}") = "4 - Tests", "4 - Tests", "{46BFF5CE-7974-4A03-8BD3-262780ECA1E6}"
EndProject
Project("{FAE04EC0-301F-11D3-BF4B-00C04F79EFBC}") = "BinOdonto.Domain", "BinOdonto.Domain\BinOdonto.Domain.csproj", "{91AFF3E7-232B-41E3-9C4C-2954C9A60E7A}"
EndProject
Project("{FAE04EC0-301F-11D3-BF4B-00C04F79EFBC}") = "BinOdonto.Data", "BinOdonto.Data\BinOdonto.Data.csproj", "{E7CD0F11-A074-448C-8C3C-C0DFF12181C3}"
EndProject
Project("{FAE04EC0-301F-11D3-BF4B-00C04F79EFBC}") = "BinOdonto.Service", "BinOdonto.Service\BinOdonto.Service.csproj", "{A655BF7E-AB8D-4D44-9752-E03472C1AAE0}"
EndProject
Project("{FAE04EC0-301F-11D3-BF4B-00C04F79EFBC}") = "BinOdonto.Tests", "BinOdonto.Tests\BinOdonto.Tests.csproj", "{E3B60582-8FF4-42AF-BF56-AE028B9B660E}"
EndProject
Global
	GlobalSection(SolutionConfigurationPlatforms) = preSolution
		Debug|Any CPU = Debug|Any CPU
		Release|Any CPU = Release|Any CPU
	EndGlobalSection
	GlobalSection(ProjectConfigurationPlatforms) = postSolution
		{E16B884E-39DB-4CDD-B6EE-0AE825F811EB}.Debug|Any CPU.ActiveCfg = Debug|Any CPU
		{E16B884E-39DB-4CDD-B6EE-0AE825F811EB}.Debug|Any CPU.Build.0 = Debug|Any CPU
		{E16B884E-39DB-4CDD-B6EE-0AE825F811EB}.Release|Any CPU.ActiveCfg = Release|Any CPU
		{E16B884E-39DB-4CDD-B6EE-0AE825F811EB}.Release|Any CPU.Build.0 = Release|Any CPU
		{BF074A56-1792-427F-9A28-9E3A683D72A7}.Debug|Any CPU.ActiveCfg = Debug|Any CPU
		{BF074A56-1792-427F-9A28-9E3A683D72A7}.Debug|Any CPU.Build.0 = Debug|Any CPU
		{BF074A56-1792-427F-9A28-9E3A683D72A7}.Release|Any CPU.ActiveCfg = Release|Any CPU
		{BF074A56-1792-427F-9A28-9E3A683D72A7}.Release|Any CPU.Build.0 = Release|Any CPU
		{91AFF3E7-232B-41E3-9C4C-2954C9A60E7A}.Debug|Any CPU.ActiveCfg = Debug|Any CPU
		{91AFF3E7-232B-41E3-9C4C-2954C9A60E7A}.Debug|Any CPU.Build.0 = Debug|Any CPU
		{91AFF3E7-232B-41E3-9C4C-2954C9A60E7A}.Release|Any CPU.ActiveCfg = Release|Any CPU
		{91AFF3E7-232B-41E3-9C4C-2954C9A60E7A}.Release|Any CPU.Build.0 = Release|Any CPU
		{E7CD0F11-A074-448C-8C3C-C0DFF12181C3}.Debug|Any CPU.ActiveCfg = Debug|Any CPU
		{E7CD0F11-A074-448C-8C3C-C0DFF12181C3}.Debug|Any CPU.Build.0 = Debug|Any CPU
		{E7CD0F11-A074-448C-8C3C-C0DFF12181C3}.Release|Any CPU.ActiveCfg = Release|Any CPU
		{E7CD0F11-A074-448C-8C3C-C0DFF12181C3}.Release|Any CPU.Build.0 = Release|Any CPU
		{A655BF7E-AB8D-4D44-9752-E03472C1AAE0}.Debug|Any CPU.ActiveCfg = Debug|Any CPU
		{A655BF7E-AB8D-4D44-9752-E03472C1AAE0}.Debug|Any CPU.Build.0 = Debug|Any CPU
		{A655BF7E-AB8D-4D44-9752-E03472C1AAE0}.Release|Any CPU.ActiveCfg = Release|Any CPU
		{A655BF7E-AB8D-4D44-9752-E03472C1AAE0}.Release|Any CPU.Build.0 = Release|Any CPU
		{E3B60582-8FF4-42AF-BF56-AE028B9B660E}.Debug|Any CPU.ActiveCfg = Debug|Any CPU
		{E3B60582-8FF4-42AF-BF56-AE028B9B660E}.Debug|Any CPU.Build.0 = Debug|Any CPU
		{E3B60582-8FF4-42AF-BF56-AE028B9B660E}.Release|Any CPU.ActiveCfg = Release|Any CPU
		{E3B60582-8FF4-42AF-BF56-AE028B9B660E}.Release|Any CPU.Build.0 = Release|Any CPU
	EndGlobalSection
	GlobalSection(SolutionProperties) = preSolution
		HideSolutionNode = FALSE
	EndGlobalSection
	GlobalSection(NestedProjects) = preSolution
		{E16B884E-39DB-4CDD-B6EE-0AE825F811EB} = {02EA681E-C7D8-13C7-8484-4AC65E1B71E8}
		{BF074A56-1792-427F-9A28-9E3A683D72A7} = {B5269C07-3F2D-456E-B9BB-FA968A3D8DB0}
		{91AFF3E7-232B-41E3-9C4C-2954C9A60E7A} = {FA82DC5C-6EE0-4EA8-BE9F-24C0958E4DD1}
		{E7CD0F11-A074-448C-8C3C-C0DFF12181C3} = {DCA76AD7-A8D4-435C-BF21-9D55E99E29CB}
		{A655BF7E-AB8D-4D44-9752-E03472C1AAE0} = {DCA76AD7-A8D4-435C-BF21-9D55E99E29CB}
		{E3B60582-8FF4-42AF-BF56-AE028B9B660E} = {46BFF5CE-7974-4A03-8BD3-262780ECA1E6}
	EndGlobalSection
	GlobalSection(ExtensibilityGlobals) = postSolution
		SolutionGuid = {DCDCF584-1255-45CD-AD04-13F9FBF9AA77}
	EndGlobalSection
EndGlobal
